
Microsoft Visual Studio Solution File, Format Version 12.00
# Visual Studio Version 17
VisualStudioVersion = 17.2.32516.85
MinimumVisualStudioVersion = 10.0.40219.1
Project("{FAE04EC0-301F-11D3-BF4B-00C04F79EFBC}") = "MVVM_MultiBinding_TEST", "MVVM_MultiBinding_TEST\MVVM_MultiBinding_TEST.csproj", "{0F9EABA0-5BF0-4945-BDB4-E30C480D10BE}"
EndProject
Global
	GlobalSection(SolutionConfigurationPlatforms) = preSolution
		Debug|Any CPU = Debug|Any CPU
		Release|Any CPU = Release|Any CPU
	EndGlobalSection
	GlobalSection(ProjectConfigurationPlatforms) = postSolution
		{0F9EABA0-5BF0-4945-BDB4-E30C480D10BE}.Debug|Any CPU.ActiveCfg = Debug|Any CPU
		{0F9EABA0-5BF0-4945-BDB4-E30C480D10BE}.Debug|Any CPU.Build.0 = Debug|Any CPU
		{0F9EABA0-5BF0-4945-BDB4-E30C480D10BE}.Release|Any CPU.ActiveCfg = Release|Any CPU
		{0F9EABA0-5BF0-4945-BDB4-E30C480D10BE}.Release|Any CPU.Build.0 = Release|Any CPU
	EndGlobalSection
	GlobalSection(SolutionProperties) = preSolution
		HideSolutionNode = FALSE
	EndGlobalSection
	GlobalSection(ExtensibilityGlobals) = postSolution
		SolutionGuid = {997545C8-A7A9-4FDF-A463-674CD540156D}
	EndGlobalSection
EndGlobal
